
Microsoft Visual Studio Solution File, Format Version 12.00
# Visual Studio Version 16
VisualStudioVersion = 16.0.31729.503
MinimumVisualStudioVersion = 10.0.40219.1
Project("{FAE04EC0-301F-11D3-BF4B-00C04F79EFBC}") = "io.protostream.extensions", "io.protostream.extensions\io.protostream.extensions.csproj", "{20534CC7-0F83-4D9B-8B48-ACDA6ECFF65B}"
EndProject
Project("{FAE04EC0-301F-11D3-BF4B-00C04F79EFBC}") = "io.protostream.extensions.tests", "io.protostream.extensions.tests\io.protostream.extensions.tests.csproj", "{EC756D4E-2B2B-4F95-858B-B54E0C691FD5}"
EndProject
Project("{FAE04EC0-301F-11D3-BF4B-00C04F79EFBC}") = "io.protostream.extensions.performance", "io.protostream.extensions.performance\io.protostream.extensions.performance.csproj", "{2B68CDA9-3542-4914-A110-FAC72B73D8C2}"
EndProject
Global
	GlobalSection(SolutionConfigurationPlatforms) = preSolution
		Debug|Any CPU = Debug|Any CPU
		Release|Any CPU = Release|Any CPU
	EndGlobalSection
	GlobalSection(ProjectConfigurationPlatforms) = postSolution
		{20534CC7-0F83-4D9B-8B48-ACDA6ECFF65B}.Debug|Any CPU.ActiveCfg = Debug|Any CPU
		{20534CC7-0F83-4D9B-8B48-ACDA6ECFF65B}.Debug|Any CPU.Build.0 = Debug|Any CPU
		{20534CC7-0F83-4D9B-8B48-ACDA6ECFF65B}.Release|Any CPU.ActiveCfg = Release|Any CPU
		{20534CC7-0F83-4D9B-8B48-ACDA6ECFF65B}.Release|Any CPU.Build.0 = Release|Any CPU
		{EC756D4E-2B2B-4F95-858B-B54E0C691FD5}.Debug|Any CPU.ActiveCfg = Debug|Any CPU
		{EC756D4E-2B2B-4F95-858B-B54E0C691FD5}.Debug|Any CPU.Build.0 = Debug|Any CPU
		{EC756D4E-2B2B-4F95-858B-B54E0C691FD5}.Release|Any CPU.ActiveCfg = Release|Any CPU
		{EC756D4E-2B2B-4F95-858B-B54E0C691FD5}.Release|Any CPU.Build.0 = Release|Any CPU
		{2B68CDA9-3542-4914-A110-FAC72B73D8C2}.Debug|Any CPU.ActiveCfg = Debug|Any CPU
		{2B68CDA9-3542-4914-A110-FAC72B73D8C2}.Debug|Any CPU.Build.0 = Debug|Any CPU
		{2B68CDA9-3542-4914-A110-FAC72B73D8C2}.Release|Any CPU.ActiveCfg = Release|Any CPU
		{2B68CDA9-3542-4914-A110-FAC72B73D8C2}.Release|Any CPU.Build.0 = Release|Any CPU
	EndGlobalSection
	GlobalSection(SolutionProperties) = preSolution
		HideSolutionNode = FALSE
	EndGlobalSection
	GlobalSection(ExtensibilityGlobals) = postSolution
		SolutionGuid = {44C95567-A9CA-4187-B782-77C6AE886D51}
	EndGlobalSection
EndGlobal
